
Microsoft Visual Studio Solution File, Format Version 12.00
# Visual Studio Version 17
VisualStudioVersion = 17.3.32929.385
MinimumVisualStudioVersion = 10.0.40219.1
Project("{8BC9CEB8-8B4A-11D0-8D11-00A0C91BC942}") = "day1", "day1\day1.vcxproj", "{41E18D2D-77A6-4D7D-A9D4-6A4F37621CE0}"
EndProject
Project("{8BC9CEB8-8B4A-11D0-8D11-00A0C91BC942}") = "shared", "shared\shared.vcxproj", "{8346510D-4E50-4C9E-887C-B9C69183E78F}"
EndProject
Project("{8BC9CEB8-8B4A-11D0-8D11-00A0C91BC942}") = "day2", "day2\day2.vcxproj", "{4B65EC7F-5AB0-4737-A142-BD555FAAD34C}"
EndProject
Project("{8BC9CEB8-8B4A-11D0-8D11-00A0C91BC942}") = "day3", "day3\day3.vcxproj", "{6CD654A7-343E-405F-8167-3AFE08F90B7C}"
EndProject
Project("{8BC9CEB8-8B4A-11D0-8D11-00A0C91BC942}") = "day4", "day4\day4.vcxproj", "{A523ADF8-6E8C-44EE-8040-DA308723894E}"
EndProject
Project("{8BC9CEB8-8B4A-11D0-8D11-00A0C91BC942}") = "day5", "day5\day5.vcxproj", "{076A09DC-1033-4B0E-BBAE-071A0BCC6DB7}"
EndProject
Project("{8BC9CEB8-8B4A-11D0-8D11-00A0C91BC942}") = "day6", "day6\day6.vcxproj", "{AD397729-F0BD-4EF7-B0F9-4E4F0A329A6B}"
EndProject
Project("{8BC9CEB8-8B4A-11D0-8D11-00A0C91BC942}") = "day7", "day7\day7.vcxproj", "{5922C4B5-3EE7-41CD-ADEB-110861B2D92C}"
EndProject
Project("{8BC9CEB8-8B4A-11D0-8D11-00A0C91BC942}") = "day8", "day8\day8.vcxproj", "{6B764D5D-D6FF-4253-BE39-D3B8A0D5FC31}"
EndProject
Global
	GlobalSection(SolutionConfigurationPlatforms) = preSolution
		Debug|x64 = Debug|x64
		Debug|x86 = Debug|x86
		Release|x64 = Release|x64
		Release|x86 = Release|x86
	EndGlobalSection
	GlobalSection(ProjectConfigurationPlatforms) = postSolution
		{41E18D2D-77A6-4D7D-A9D4-6A4F37621CE0}.Debug|x64.ActiveCfg = Debug|x64
		{41E18D2D-77A6-4D7D-A9D4-6A4F37621CE0}.Debug|x64.Build.0 = Debug|x64
		{41E18D2D-77A6-4D7D-A9D4-6A4F37621CE0}.Debug|x86.ActiveCfg = Debug|Win32
		{41E18D2D-77A6-4D7D-A9D4-6A4F37621CE0}.Debug|x86.Build.0 = Debug|Win32
		{41E18D2D-77A6-4D7D-A9D4-6A4F37621CE0}.Release|x64.ActiveCfg = Release|x64
		{41E18D2D-77A6-4D7D-A9D4-6A4F37621CE0}.Release|x64.Build.0 = Release|x64
		{41E18D2D-77A6-4D7D-A9D4-6A4F37621CE0}.Release|x86.ActiveCfg = Release|Win32
		{41E18D2D-77A6-4D7D-A9D4-6A4F37621CE0}.Release|x86.Build.0 = Release|Win32
		{8346510D-4E50-4C9E-887C-B9C69183E78F}.Debug|x64.ActiveCfg = Debug|x64
		{8346510D-4E50-4C9E-887C-B9C69183E78F}.Debug|x64.Build.0 = Debug|x64
		{8346510D-4E50-4C9E-887C-B9C69183E78F}.Debug|x86.ActiveCfg = Debug|Win32
		{8346510D-4E50-4C9E-887C-B9C69183E78F}.Debug|x86.Build.0 = Debug|Win32
		{8346510D-4E50-4C9E-887C-B9C69183E78F}.Release|x64.ActiveCfg = Release|x64
		{8346510D-4E50-4C9E-887C-B9C69183E78F}.Release|x64.Build.0 = Release|x64
		{8346510D-4E50-4C9E-887C-B9C69183E78F}.Release|x86.ActiveCfg = Release|Win32
		{8346510D-4E50-4C9E-887C-B9C69183E78F}.Release|x86.Build.0 = Release|Win32
		{4B65EC7F-5AB0-4737-A142-BD555FAAD34C}.Debug|x64.ActiveCfg = Debug|x64
		{4B65EC7F-5AB0-4737-A142-BD555FAAD34C}.Debug|x64.Build.0 = Debug|x64
		{4B65EC7F-5AB0-4737-A142-BD555FAAD34C}.Debug|x86.ActiveCfg = Debug|Win32
		{4B65EC7F-5AB0-4737-A142-BD555FAAD34C}.Debug|x86.Build.0 = Debug|Win32
		{4B65EC7F-5AB0-4737-A142-BD555FAAD34C}.Release|x64.ActiveCfg = Release|x64
		{4B65EC7F-5AB0-4737-A142-BD555FAAD34C}.Release|x64.Build.0 = Release|x64
		{4B65EC7F-5AB0-4737-A142-BD555FAAD34C}.Release|x86.ActiveCfg = Release|Win32
		{4B65EC7F-5AB0-4737-A142-BD555FAAD34C}.Release|x86.Build.0 = Release|Win32
		{6CD654A7-343E-405F-8167-3AFE08F90B7C}.Debug|x64.ActiveCfg = Debug|x64
		{6CD654A7-343E-405F-8167-3AFE08F90B7C}.Debug|x64.Build.0 = Debug|x64
		{6CD654A7-343E-405F-8167-3AFE08F90B7C}.Debug|x86.ActiveCfg = Debug|Win32
		{6CD654A7-343E-405F-8167-3AFE08F90B7C}.Debug|x86.Build.0 = Debug|Win32
		{6CD654A7-343E-405F-8167-3AFE08F90B7C}.Release|x64.ActiveCfg = Release|x64
		{6CD654A7-343E-405F-8167-3AFE08F90B7C}.Release|x64.Build.0 = Release|x64
		{6CD654A7-343E-405F-8167-3AFE08F90B7C}.Release|x86.ActiveCfg = Release|Win32
		{6CD654A7-343E-405F-8167-3AFE08F90B7C}.Release|x86.Build.0 = Release|Win32
		{A523ADF8-6E8C-44EE-8040-DA308723894E}.Debug|x64.ActiveCfg = Debug|x64
		{A523ADF8-6E8C-44EE-8040-DA308723894E}.Debug|x64.Build.0 = Debug|x64
		{A523ADF8-6E8C-44EE-8040-DA308723894E}.Debug|x86.ActiveCfg = Debug|Win32
		{A523ADF8-6E8C-44EE-8040-DA308723894E}.Debug|x86.Build.0 = Debug|Win32
		{A523ADF8-6E8C-44EE-8040-DA308723894E}.Release|x64.ActiveCfg = Release|x64
		{A523ADF8-6E8C-44EE-8040-DA308723894E}.Release|x64.Build.0 = Release|x64
		{A523ADF8-6E8C-44EE-8040-DA308723894E}.Release|x86.ActiveCfg = Release|Win32
		{A523ADF8-6E8C-44EE-8040-DA308723894E}.Release|x86.Build.0 = Release|Win32
		{076A09DC-1033-4B0E-BBAE-071A0BCC6DB7}.Debug|x64.ActiveCfg = Debug|x64
		{076A09DC-1033-4B0E-BBAE-071A0BCC6DB7}.Debug|x64.Build.0 = Debug|x64
		{076A09DC-1033-4B0E-BBAE-071A0BCC6DB7}.Debug|x86.ActiveCfg = Debug|Win32
		{076A09DC-1033-4B0E-BBAE-071A0BCC6DB7}.Debug|x86.Build.0 = Debug|Win32
		{076A09DC-1033-4B0E-BBAE-071A0BCC6DB7}.Release|x64.ActiveCfg = Release|x64
		{076A09DC-1033-4B0E-BBAE-071A0BCC6DB7}.Release|x64.Build.0 = Release|x64
		{076A09DC-1033-4B0E-BBAE-071A0BCC6DB7}.Release|x86.ActiveCfg = Release|Win32
		{076A09DC-1033-4B0E-BBAE-071A0BCC6DB7}.Release|x86.Build.0 = Release|Win32
		{AD397729-F0BD-4EF7-B0F9-4E4F0A329A6B}.Debug|x64.ActiveCfg = Debug|x64
		{AD397729-F0BD-4EF7-B0F9-4E4F0A329A6B}.Debug|x64.Build.0 = Debug|x64
		{AD397729-F0BD-4EF7-B0F9-4E4F0A329A6B}.Debug|x86.ActiveCfg = Debug|Win32
		{AD397729-F0BD-4EF7-B0F9-4E4F0A329A6B}.Debug|x86.Build.0 = Debug|Win32
		{AD397729-F0BD-4EF7-B0F9-4E4F0A329A6B}.Release|x64.ActiveCfg = Release|x64
		{AD397729-F0BD-4EF7-B0F9-4E4F0A329A6B}.Release|x64.Build.0 = Release|x64
		{AD397729-F0BD-4EF7-B0F9-4E4F0A329A6B}.Release|x86.ActiveCfg = Release|Win32
		{AD397729-F0BD-4EF7-B0F9-4E4F0A329A6B}.Release|x86.Build.0 = Release|Win32
		{5922C4B5-3EE7-41CD-ADEB-110861B2D92C}.Debug|x64.ActiveCfg = Debug|x64
		{5922C4B5-3EE7-41CD-ADEB-110861B2D92C}.Debug|x64.Build.0 = Debug|x64
		{5922C4B5-3EE7-41CD-ADEB-110861B2D92C}.Debug|x86.ActiveCfg = Debug|Win32
		{5922C4B5-3EE7-41CD-ADEB-110861B2D92C}.Debug|x86.Build.0 = Debug|Win32
		{5922C4B5-3EE7-41CD-ADEB-110861B2D92C}.Release|x64.ActiveCfg = Release|x64
		{5922C4B5-3EE7-41CD-ADEB-110861B2D92C}.Release|x64.Build.0 = Release|x64
		{5922C4B5-3EE7-41CD-ADEB-110861B2D92C}.Release|x86.ActiveCfg = Release|Win32
		{5922C4B5-3EE7-41CD-ADEB-110861B2D92C}.Release|x86.Build.0 = Release|Win32
		{6B764D5D-D6FF-4253-BE39-D3B8A0D5FC31}.Debug|x64.ActiveCfg = Debug|x64
		{6B764D5D-D6FF-4253-BE39-D3B8A0D5FC31}.Debug|x64.Build.0 = Debug|x64
		{6B764D5D-D6FF-4253-BE39-D3B8A0D5FC31}.Debug|x86.ActiveCfg = Debug|Win32
		{6B764D5D-D6FF-4253-BE39-D3B8A0D5FC31}.Debug|x86.Build.0 = Debug|Win32
		{6B764D5D-D6FF-4253-BE39-D3B8A0D5FC31}.Release|x64.ActiveCfg = Release|x64
		{6B764D5D-D6FF-4253-BE39-D3B8A0D5FC31}.Release|x64.Build.0 = Release|x64
		{6B764D5D-D6FF-4253-BE39-D3B8A0D5FC31}.Release|x86.ActiveCfg = Release|Win32
		{6B764D5D-D6FF-4253-BE39-D3B8A0D5FC31}.Release|x86.Build.0 = Release|Win32
	EndGlobalSection
	GlobalSection(SolutionProperties) = preSolution
		HideSolutionNode = FALSE
	EndGlobalSection
	GlobalSection(ExtensibilityGlobals) = postSolution
		SolutionGuid = {432DEE49-F65C-45F3-B08D-B82295309C13}
	EndGlobalSection
EndGlobal
