
Microsoft Visual Studio Solution File, Format Version 12.00
# Visual Studio Version 17
VisualStudioVersion = 17.3.32929.385
MinimumVisualStudioVersion = 10.0.40219.1
Project("{8BC9CEB8-8B4A-11D0-8D11-00A0C91BC942}") = "day1", "day1\day1.vcxproj", "{41E18D2D-77A6-4D7D-A9D4-6A4F37621CE0}"
EndProject
Project("{8BC9CEB8-8B4A-11D0-8D11-00A0C91BC942}") = "shared", "shared\shared.vcxproj", "{8346510D-4E50-4C9E-887C-B9C69183E78F}"
EndProject
Project("{8BC9CEB8-8B4A-11D0-8D11-00A0C91BC942}") = "day2", "day2\day2.vcxproj", "{4B65EC7F-5AB0-4737-A142-BD555FAAD34C}"
EndProject
Project("{8BC9CEB8-8B4A-11D0-8D11-00A0C91BC942}") = "day3", "day3\day3.vcxproj", "{6CD654A7-343E-405F-8167-3AFE08F90B7C}"
EndProject
Project("{8BC9CEB8-8B4A-11D0-8D11-00A0C91BC942}") = "day4", "day4\day4.vcxproj", "{A523ADF8-6E8C-44EE-8040-DA308723894E}"
EndProject
Project("{8BC9CEB8-8B4A-11D0-8D11-00A0C91BC942}") = "day5", "day5\day5.vcxproj", "{076A09DC-1033-4B0E-BBAE-071A0BCC6DB7}"
EndProject
Project("{8BC9CEB8-8B4A-11D0-8D11-00A0C91BC942}") = "day6", "day6\day6.vcxproj", "{AD397729-F0BD-4EF7-B0F9-4E4F0A329A6B}"
EndProject
Project("{8BC9CEB8-8B4A-11D0-8D11-00A0C91BC942}") = "day7", "day7\day7.vcxproj", "{5922C4B5-3EE7-41CD-ADEB-110861B2D92C}"
EndProject
Project("{8BC9CEB8-8B4A-11D0-8D11-00A0C91BC942}") = "day8", "day8\day8.vcxproj", "{6B764D5D-D6FF-4253-BE39-D3B8A0D5FC31}"
EndProject
Project("{8BC9CEB8-8B4A-11D0-8D11-00A0C91BC942}") = "day9", "day9\day9.vcxproj", "{53398883-9FBB-4812-8266-FB2E86EC9702}"
EndProject
Project("{8BC9CEB8-8B4A-11D0-8D11-00A0C91BC942}") = "day10", "day10\day10.vcxproj", "{00D90EE8-DA5A-47EC-A25F-D8D7EB76CC02}"
EndProject
Project("{8BC9CEB8-8B4A-11D0-8D11-00A0C91BC942}") = "day11", "day11\day11.vcxproj", "{0B83782D-0037-464C-80C3-5B1A71CF74F9}"
EndProject
Project("{8BC9CEB8-8B4A-11D0-8D11-00A0C91BC942}") = "day12", "day12\day12.vcxproj", "{489ACE7F-78CC-49A7-8B3C-A9A23A048D4D}"
EndProject
Project("{8BC9CEB8-8B4A-11D0-8D11-00A0C91BC942}") = "day13", "day13\day13.vcxproj", "{8BBFB7FE-1F2C-4F32-A817-0E093B52A630}"
EndProject
Project("{8BC9CEB8-8B4A-11D0-8D11-00A0C91BC942}") = "day14", "day14\day14.vcxproj", "{91D72912-79BE-4C3F-A840-D71515B8D48E}"
EndProject
Project("{8BC9CEB8-8B4A-11D0-8D11-00A0C91BC942}") = "day15", "day15\day15.vcxproj", "{62B407E1-9C79-44B3-BA23-F6CD521626DD}"
EndProject
Project("{8BC9CEB8-8B4A-11D0-8D11-00A0C91BC942}") = "day16", "day16\day16.vcxproj", "{51841792-FB23-443A-95E3-20E7BD0FB440}"
EndProject
Project("{8BC9CEB8-8B4A-11D0-8D11-00A0C91BC942}") = "day17", "day17\day17.vcxproj", "{DE16C659-3C73-4D35-A0F6-6CBAB7487E56}"
EndProject
Project("{8BC9CEB8-8B4A-11D0-8D11-00A0C91BC942}") = "day18", "day18\day18.vcxproj", "{06FB2437-C1E0-403B-BEE7-00765F632E66}"
EndProject
Project("{8BC9CEB8-8B4A-11D0-8D11-00A0C91BC942}") = "day19", "day19\day19.vcxproj", "{1C41625C-46FE-4E21-B8C7-9E7756D6EE8E}"
EndProject
Project("{8BC9CEB8-8B4A-11D0-8D11-00A0C91BC942}") = "day20", "day20\day20.vcxproj", "{C84643D9-B4B4-452F-B77A-1CED80C5E325}"
EndProject
Project("{8BC9CEB8-8B4A-11D0-8D11-00A0C91BC942}") = "day21", "day21\day21.vcxproj", "{E1E7C251-C127-4455-B5D9-8AC31A8F5E61}"
EndProject
Project("{8BC9CEB8-8B4A-11D0-8D11-00A0C91BC942}") = "day22", "day22\day22.vcxproj", "{B00F8D24-3570-4DDB-8E50-FE1A405FF401}"
EndProject
Project("{8BC9CEB8-8B4A-11D0-8D11-00A0C91BC942}") = "day23", "day23\day23.vcxproj", "{9A098342-B2B8-4583-8648-2A2D356AC0C8}"
EndProject
Global
	GlobalSection(SolutionConfigurationPlatforms) = preSolution
		Debug|x64 = Debug|x64
		Debug|x86 = Debug|x86
		Release|x64 = Release|x64
		Release|x86 = Release|x86
	EndGlobalSection
	GlobalSection(ProjectConfigurationPlatforms) = postSolution
		{41E18D2D-77A6-4D7D-A9D4-6A4F37621CE0}.Debug|x64.ActiveCfg = Debug|x64
		{41E18D2D-77A6-4D7D-A9D4-6A4F37621CE0}.Debug|x64.Build.0 = Debug|x64
		{41E18D2D-77A6-4D7D-A9D4-6A4F37621CE0}.Debug|x86.ActiveCfg = Debug|Win32
		{41E18D2D-77A6-4D7D-A9D4-6A4F37621CE0}.Debug|x86.Build.0 = Debug|Win32
		{41E18D2D-77A6-4D7D-A9D4-6A4F37621CE0}.Release|x64.ActiveCfg = Release|x64
		{41E18D2D-77A6-4D7D-A9D4-6A4F37621CE0}.Release|x64.Build.0 = Release|x64
		{41E18D2D-77A6-4D7D-A9D4-6A4F37621CE0}.Release|x86.ActiveCfg = Release|Win32
		{41E18D2D-77A6-4D7D-A9D4-6A4F37621CE0}.Release|x86.Build.0 = Release|Win32
		{8346510D-4E50-4C9E-887C-B9C69183E78F}.Debug|x64.ActiveCfg = Debug|x64
		{8346510D-4E50-4C9E-887C-B9C69183E78F}.Debug|x64.Build.0 = Debug|x64
		{8346510D-4E50-4C9E-887C-B9C69183E78F}.Debug|x86.ActiveCfg = Debug|Win32
		{8346510D-4E50-4C9E-887C-B9C69183E78F}.Debug|x86.Build.0 = Debug|Win32
		{8346510D-4E50-4C9E-887C-B9C69183E78F}.Release|x64.ActiveCfg = Release|x64
		{8346510D-4E50-4C9E-887C-B9C69183E78F}.Release|x64.Build.0 = Release|x64
		{8346510D-4E50-4C9E-887C-B9C69183E78F}.Release|x86.ActiveCfg = Release|Win32
		{8346510D-4E50-4C9E-887C-B9C69183E78F}.Release|x86.Build.0 = Release|Win32
		{4B65EC7F-5AB0-4737-A142-BD555FAAD34C}.Debug|x64.ActiveCfg = Debug|x64
		{4B65EC7F-5AB0-4737-A142-BD555FAAD34C}.Debug|x64.Build.0 = Debug|x64
		{4B65EC7F-5AB0-4737-A142-BD555FAAD34C}.Debug|x86.ActiveCfg = Debug|Win32
		{4B65EC7F-5AB0-4737-A142-BD555FAAD34C}.Debug|x86.Build.0 = Debug|Win32
		{4B65EC7F-5AB0-4737-A142-BD555FAAD34C}.Release|x64.ActiveCfg = Release|x64
		{4B65EC7F-5AB0-4737-A142-BD555FAAD34C}.Release|x64.Build.0 = Release|x64
		{4B65EC7F-5AB0-4737-A142-BD555FAAD34C}.Release|x86.ActiveCfg = Release|Win32
		{4B65EC7F-5AB0-4737-A142-BD555FAAD34C}.Release|x86.Build.0 = Release|Win32
		{6CD654A7-343E-405F-8167-3AFE08F90B7C}.Debug|x64.ActiveCfg = Debug|x64
		{6CD654A7-343E-405F-8167-3AFE08F90B7C}.Debug|x64.Build.0 = Debug|x64
		{6CD654A7-343E-405F-8167-3AFE08F90B7C}.Debug|x86.ActiveCfg = Debug|Win32
		{6CD654A7-343E-405F-8167-3AFE08F90B7C}.Debug|x86.Build.0 = Debug|Win32
		{6CD654A7-343E-405F-8167-3AFE08F90B7C}.Release|x64.ActiveCfg = Release|x64
		{6CD654A7-343E-405F-8167-3AFE08F90B7C}.Release|x64.Build.0 = Release|x64
		{6CD654A7-343E-405F-8167-3AFE08F90B7C}.Release|x86.ActiveCfg = Release|Win32
		{6CD654A7-343E-405F-8167-3AFE08F90B7C}.Release|x86.Build.0 = Release|Win32
		{A523ADF8-6E8C-44EE-8040-DA308723894E}.Debug|x64.ActiveCfg = Debug|x64
		{A523ADF8-6E8C-44EE-8040-DA308723894E}.Debug|x64.Build.0 = Debug|x64
		{A523ADF8-6E8C-44EE-8040-DA308723894E}.Debug|x86.ActiveCfg = Debug|Win32
		{A523ADF8-6E8C-44EE-8040-DA308723894E}.Debug|x86.Build.0 = Debug|Win32
		{A523ADF8-6E8C-44EE-8040-DA308723894E}.Release|x64.ActiveCfg = Release|x64
		{A523ADF8-6E8C-44EE-8040-DA308723894E}.Release|x64.Build.0 = Release|x64
		{A523ADF8-6E8C-44EE-8040-DA308723894E}.Release|x86.ActiveCfg = Release|Win32
		{A523ADF8-6E8C-44EE-8040-DA308723894E}.Release|x86.Build.0 = Release|Win32
		{076A09DC-1033-4B0E-BBAE-071A0BCC6DB7}.Debug|x64.ActiveCfg = Debug|x64
		{076A09DC-1033-4B0E-BBAE-071A0BCC6DB7}.Debug|x64.Build.0 = Debug|x64
		{076A09DC-1033-4B0E-BBAE-071A0BCC6DB7}.Debug|x86.ActiveCfg = Debug|Win32
		{076A09DC-1033-4B0E-BBAE-071A0BCC6DB7}.Debug|x86.Build.0 = Debug|Win32
		{076A09DC-1033-4B0E-BBAE-071A0BCC6DB7}.Release|x64.ActiveCfg = Release|x64
		{076A09DC-1033-4B0E-BBAE-071A0BCC6DB7}.Release|x64.Build.0 = Release|x64
		{076A09DC-1033-4B0E-BBAE-071A0BCC6DB7}.Release|x86.ActiveCfg = Release|Win32
		{076A09DC-1033-4B0E-BBAE-071A0BCC6DB7}.Release|x86.Build.0 = Release|Win32
		{AD397729-F0BD-4EF7-B0F9-4E4F0A329A6B}.Debug|x64.ActiveCfg = Debug|x64
		{AD397729-F0BD-4EF7-B0F9-4E4F0A329A6B}.Debug|x64.Build.0 = Debug|x64
		{AD397729-F0BD-4EF7-B0F9-4E4F0A329A6B}.Debug|x86.ActiveCfg = Debug|Win32
		{AD397729-F0BD-4EF7-B0F9-4E4F0A329A6B}.Debug|x86.Build.0 = Debug|Win32
		{AD397729-F0BD-4EF7-B0F9-4E4F0A329A6B}.Release|x64.ActiveCfg = Release|x64
		{AD397729-F0BD-4EF7-B0F9-4E4F0A329A6B}.Release|x64.Build.0 = Release|x64
		{AD397729-F0BD-4EF7-B0F9-4E4F0A329A6B}.Release|x86.ActiveCfg = Release|Win32
		{AD397729-F0BD-4EF7-B0F9-4E4F0A329A6B}.Release|x86.Build.0 = Release|Win32
		{5922C4B5-3EE7-41CD-ADEB-110861B2D92C}.Debug|x64.ActiveCfg = Debug|x64
		{5922C4B5-3EE7-41CD-ADEB-110861B2D92C}.Debug|x64.Build.0 = Debug|x64
		{5922C4B5-3EE7-41CD-ADEB-110861B2D92C}.Debug|x86.ActiveCfg = Debug|Win32
		{5922C4B5-3EE7-41CD-ADEB-110861B2D92C}.Debug|x86.Build.0 = Debug|Win32
		{5922C4B5-3EE7-41CD-ADEB-110861B2D92C}.Release|x64.ActiveCfg = Release|x64
		{5922C4B5-3EE7-41CD-ADEB-110861B2D92C}.Release|x64.Build.0 = Release|x64
		{5922C4B5-3EE7-41CD-ADEB-110861B2D92C}.Release|x86.ActiveCfg = Release|Win32
		{5922C4B5-3EE7-41CD-ADEB-110861B2D92C}.Release|x86.Build.0 = Release|Win32
		{6B764D5D-D6FF-4253-BE39-D3B8A0D5FC31}.Debug|x64.ActiveCfg = Debug|x64
		{6B764D5D-D6FF-4253-BE39-D3B8A0D5FC31}.Debug|x64.Build.0 = Debug|x64
		{6B764D5D-D6FF-4253-BE39-D3B8A0D5FC31}.Debug|x86.ActiveCfg = Debug|Win32
		{6B764D5D-D6FF-4253-BE39-D3B8A0D5FC31}.Debug|x86.Build.0 = Debug|Win32
		{6B764D5D-D6FF-4253-BE39-D3B8A0D5FC31}.Release|x64.ActiveCfg = Release|x64
		{6B764D5D-D6FF-4253-BE39-D3B8A0D5FC31}.Release|x64.Build.0 = Release|x64
		{6B764D5D-D6FF-4253-BE39-D3B8A0D5FC31}.Release|x86.ActiveCfg = Release|Win32
		{6B764D5D-D6FF-4253-BE39-D3B8A0D5FC31}.Release|x86.Build.0 = Release|Win32
		{53398883-9FBB-4812-8266-FB2E86EC9702}.Debug|x64.ActiveCfg = Debug|x64
		{53398883-9FBB-4812-8266-FB2E86EC9702}.Debug|x64.Build.0 = Debug|x64
		{53398883-9FBB-4812-8266-FB2E86EC9702}.Debug|x86.ActiveCfg = Debug|Win32
		{53398883-9FBB-4812-8266-FB2E86EC9702}.Debug|x86.Build.0 = Debug|Win32
		{53398883-9FBB-4812-8266-FB2E86EC9702}.Release|x64.ActiveCfg = Release|x64
		{53398883-9FBB-4812-8266-FB2E86EC9702}.Release|x64.Build.0 = Release|x64
		{53398883-9FBB-4812-8266-FB2E86EC9702}.Release|x86.ActiveCfg = Release|Win32
		{53398883-9FBB-4812-8266-FB2E86EC9702}.Release|x86.Build.0 = Release|Win32
		{00D90EE8-DA5A-47EC-A25F-D8D7EB76CC02}.Debug|x64.ActiveCfg = Debug|x64
		{00D90EE8-DA5A-47EC-A25F-D8D7EB76CC02}.Debug|x64.Build.0 = Debug|x64
		{00D90EE8-DA5A-47EC-A25F-D8D7EB76CC02}.Debug|x86.ActiveCfg = Debug|Win32
		{00D90EE8-DA5A-47EC-A25F-D8D7EB76CC02}.Debug|x86.Build.0 = Debug|Win32
		{00D90EE8-DA5A-47EC-A25F-D8D7EB76CC02}.Release|x64.ActiveCfg = Release|x64
		{00D90EE8-DA5A-47EC-A25F-D8D7EB76CC02}.Release|x64.Build.0 = Release|x64
		{00D90EE8-DA5A-47EC-A25F-D8D7EB76CC02}.Release|x86.ActiveCfg = Release|Win32
		{00D90EE8-DA5A-47EC-A25F-D8D7EB76CC02}.Release|x86.Build.0 = Release|Win32
		{0B83782D-0037-464C-80C3-5B1A71CF74F9}.Debug|x64.ActiveCfg = Debug|x64
		{0B83782D-0037-464C-80C3-5B1A71CF74F9}.Debug|x64.Build.0 = Debug|x64
		{0B83782D-0037-464C-80C3-5B1A71CF74F9}.Debug|x86.ActiveCfg = Debug|Win32
		{0B83782D-0037-464C-80C3-5B1A71CF74F9}.Debug|x86.Build.0 = Debug|Win32
		{0B83782D-0037-464C-80C3-5B1A71CF74F9}.Release|x64.ActiveCfg = Release|x64
		{0B83782D-0037-464C-80C3-5B1A71CF74F9}.Release|x64.Build.0 = Release|x64
		{0B83782D-0037-464C-80C3-5B1A71CF74F9}.Release|x86.ActiveCfg = Release|Win32
		{0B83782D-0037-464C-80C3-5B1A71CF74F9}.Release|x86.Build.0 = Release|Win32
		{489ACE7F-78CC-49A7-8B3C-A9A23A048D4D}.Debug|x64.ActiveCfg = Debug|x64
		{489ACE7F-78CC-49A7-8B3C-A9A23A048D4D}.Debug|x64.Build.0 = Debug|x64
		{489ACE7F-78CC-49A7-8B3C-A9A23A048D4D}.Debug|x86.ActiveCfg = Debug|Win32
		{489ACE7F-78CC-49A7-8B3C-A9A23A048D4D}.Debug|x86.Build.0 = Debug|Win32
		{489ACE7F-78CC-49A7-8B3C-A9A23A048D4D}.Release|x64.ActiveCfg = Release|x64
		{489ACE7F-78CC-49A7-8B3C-A9A23A048D4D}.Release|x64.Build.0 = Release|x64
		{489ACE7F-78CC-49A7-8B3C-A9A23A048D4D}.Release|x86.ActiveCfg = Release|Win32
		{489ACE7F-78CC-49A7-8B3C-A9A23A048D4D}.Release|x86.Build.0 = Release|Win32
		{8BBFB7FE-1F2C-4F32-A817-0E093B52A630}.Debug|x64.ActiveCfg = Debug|x64
		{8BBFB7FE-1F2C-4F32-A817-0E093B52A630}.Debug|x64.Build.0 = Debug|x64
		{8BBFB7FE-1F2C-4F32-A817-0E093B52A630}.Debug|x86.ActiveCfg = Debug|Win32
		{8BBFB7FE-1F2C-4F32-A817-0E093B52A630}.Debug|x86.Build.0 = Debug|Win32
		{8BBFB7FE-1F2C-4F32-A817-0E093B52A630}.Release|x64.ActiveCfg = Release|x64
		{8BBFB7FE-1F2C-4F32-A817-0E093B52A630}.Release|x64.Build.0 = Release|x64
		{8BBFB7FE-1F2C-4F32-A817-0E093B52A630}.Release|x86.ActiveCfg = Release|Win32
		{8BBFB7FE-1F2C-4F32-A817-0E093B52A630}.Release|x86.Build.0 = Release|Win32
		{91D72912-79BE-4C3F-A840-D71515B8D48E}.Debug|x64.ActiveCfg = Debug|x64
		{91D72912-79BE-4C3F-A840-D71515B8D48E}.Debug|x64.Build.0 = Debug|x64
		{91D72912-79BE-4C3F-A840-D71515B8D48E}.Debug|x86.ActiveCfg = Debug|Win32
		{91D72912-79BE-4C3F-A840-D71515B8D48E}.Debug|x86.Build.0 = Debug|Win32
		{91D72912-79BE-4C3F-A840-D71515B8D48E}.Release|x64.ActiveCfg = Release|x64
		{91D72912-79BE-4C3F-A840-D71515B8D48E}.Release|x64.Build.0 = Release|x64
		{91D72912-79BE-4C3F-A840-D71515B8D48E}.Release|x86.ActiveCfg = Release|Win32
		{91D72912-79BE-4C3F-A840-D71515B8D48E}.Release|x86.Build.0 = Release|Win32
		{62B407E1-9C79-44B3-BA23-F6CD521626DD}.Debug|x64.ActiveCfg = Debug|x64
		{62B407E1-9C79-44B3-BA23-F6CD521626DD}.Debug|x64.Build.0 = Debug|x64
		{62B407E1-9C79-44B3-BA23-F6CD521626DD}.Debug|x86.ActiveCfg = Debug|Win32
		{62B407E1-9C79-44B3-BA23-F6CD521626DD}.Debug|x86.Build.0 = Debug|Win32
		{62B407E1-9C79-44B3-BA23-F6CD521626DD}.Release|x64.ActiveCfg = Release|x64
		{62B407E1-9C79-44B3-BA23-F6CD521626DD}.Release|x64.Build.0 = Release|x64
		{62B407E1-9C79-44B3-BA23-F6CD521626DD}.Release|x86.ActiveCfg = Release|Win32
		{62B407E1-9C79-44B3-BA23-F6CD521626DD}.Release|x86.Build.0 = Release|Win32
		{51841792-FB23-443A-95E3-20E7BD0FB440}.Debug|x64.ActiveCfg = Debug|x64
		{51841792-FB23-443A-95E3-20E7BD0FB440}.Debug|x64.Build.0 = Debug|x64
		{51841792-FB23-443A-95E3-20E7BD0FB440}.Debug|x86.ActiveCfg = Debug|Win32
		{51841792-FB23-443A-95E3-20E7BD0FB440}.Debug|x86.Build.0 = Debug|Win32
		{51841792-FB23-443A-95E3-20E7BD0FB440}.Release|x64.ActiveCfg = Release|x64
		{51841792-FB23-443A-95E3-20E7BD0FB440}.Release|x64.Build.0 = Release|x64
		{51841792-FB23-443A-95E3-20E7BD0FB440}.Release|x86.ActiveCfg = Release|Win32
		{51841792-FB23-443A-95E3-20E7BD0FB440}.Release|x86.Build.0 = Release|Win32
		{DE16C659-3C73-4D35-A0F6-6CBAB7487E56}.Debug|x64.ActiveCfg = Debug|x64
		{DE16C659-3C73-4D35-A0F6-6CBAB7487E56}.Debug|x64.Build.0 = Debug|x64
		{DE16C659-3C73-4D35-A0F6-6CBAB7487E56}.Debug|x86.ActiveCfg = Debug|Win32
		{DE16C659-3C73-4D35-A0F6-6CBAB7487E56}.Debug|x86.Build.0 = Debug|Win32
		{DE16C659-3C73-4D35-A0F6-6CBAB7487E56}.Release|x64.ActiveCfg = Release|x64
		{DE16C659-3C73-4D35-A0F6-6CBAB7487E56}.Release|x64.Build.0 = Release|x64
		{DE16C659-3C73-4D35-A0F6-6CBAB7487E56}.Release|x86.ActiveCfg = Release|Win32
		{DE16C659-3C73-4D35-A0F6-6CBAB7487E56}.Release|x86.Build.0 = Release|Win32
		{06FB2437-C1E0-403B-BEE7-00765F632E66}.Debug|x64.ActiveCfg = Debug|x64
		{06FB2437-C1E0-403B-BEE7-00765F632E66}.Debug|x64.Build.0 = Debug|x64
		{06FB2437-C1E0-403B-BEE7-00765F632E66}.Debug|x86.ActiveCfg = Debug|Win32
		{06FB2437-C1E0-403B-BEE7-00765F632E66}.Debug|x86.Build.0 = Debug|Win32
		{06FB2437-C1E0-403B-BEE7-00765F632E66}.Release|x64.ActiveCfg = Release|x64
		{06FB2437-C1E0-403B-BEE7-00765F632E66}.Release|x64.Build.0 = Release|x64
		{06FB2437-C1E0-403B-BEE7-00765F632E66}.Release|x86.ActiveCfg = Release|Win32
		{06FB2437-C1E0-403B-BEE7-00765F632E66}.Release|x86.Build.0 = Release|Win32
		{1C41625C-46FE-4E21-B8C7-9E7756D6EE8E}.Debug|x64.ActiveCfg = Debug|x64
		{1C41625C-46FE-4E21-B8C7-9E7756D6EE8E}.Debug|x64.Build.0 = Debug|x64
		{1C41625C-46FE-4E21-B8C7-9E7756D6EE8E}.Debug|x86.ActiveCfg = Debug|Win32
		{1C41625C-46FE-4E21-B8C7-9E7756D6EE8E}.Debug|x86.Build.0 = Debug|Win32
		{1C41625C-46FE-4E21-B8C7-9E7756D6EE8E}.Release|x64.ActiveCfg = Release|x64
		{1C41625C-46FE-4E21-B8C7-9E7756D6EE8E}.Release|x64.Build.0 = Release|x64
		{1C41625C-46FE-4E21-B8C7-9E7756D6EE8E}.Release|x86.ActiveCfg = Release|Win32
		{1C41625C-46FE-4E21-B8C7-9E7756D6EE8E}.Release|x86.Build.0 = Release|Win32
		{C84643D9-B4B4-452F-B77A-1CED80C5E325}.Debug|x64.ActiveCfg = Debug|x64
		{C84643D9-B4B4-452F-B77A-1CED80C5E325}.Debug|x64.Build.0 = Debug|x64
		{C84643D9-B4B4-452F-B77A-1CED80C5E325}.Debug|x86.ActiveCfg = Debug|Win32
		{C84643D9-B4B4-452F-B77A-1CED80C5E325}.Debug|x86.Build.0 = Debug|Win32
		{C84643D9-B4B4-452F-B77A-1CED80C5E325}.Release|x64.ActiveCfg = Release|x64
		{C84643D9-B4B4-452F-B77A-1CED80C5E325}.Release|x64.Build.0 = Release|x64
		{C84643D9-B4B4-452F-B77A-1CED80C5E325}.Release|x86.ActiveCfg = Release|Win32
		{C84643D9-B4B4-452F-B77A-1CED80C5E325}.Release|x86.Build.0 = Release|Win32
		{E1E7C251-C127-4455-B5D9-8AC31A8F5E61}.Debug|x64.ActiveCfg = Debug|x64
		{E1E7C251-C127-4455-B5D9-8AC31A8F5E61}.Debug|x64.Build.0 = Debug|x64
		{E1E7C251-C127-4455-B5D9-8AC31A8F5E61}.Debug|x86.ActiveCfg = Debug|Win32
		{E1E7C251-C127-4455-B5D9-8AC31A8F5E61}.Debug|x86.Build.0 = Debug|Win32
		{E1E7C251-C127-4455-B5D9-8AC31A8F5E61}.Release|x64.ActiveCfg = Release|x64
		{E1E7C251-C127-4455-B5D9-8AC31A8F5E61}.Release|x64.Build.0 = Release|x64
		{E1E7C251-C127-4455-B5D9-8AC31A8F5E61}.Release|x86.ActiveCfg = Release|Win32
		{E1E7C251-C127-4455-B5D9-8AC31A8F5E61}.Release|x86.Build.0 = Release|Win32
		{B00F8D24-3570-4DDB-8E50-FE1A405FF401}.Debug|x64.ActiveCfg = Debug|x64
		{B00F8D24-3570-4DDB-8E50-FE1A405FF401}.Debug|x64.Build.0 = Debug|x64
		{B00F8D24-3570-4DDB-8E50-FE1A405FF401}.Debug|x86.ActiveCfg = Debug|Win32
		{B00F8D24-3570-4DDB-8E50-FE1A405FF401}.Debug|x86.Build.0 = Debug|Win32
		{B00F8D24-3570-4DDB-8E50-FE1A405FF401}.Release|x64.ActiveCfg = Release|x64
		{B00F8D24-3570-4DDB-8E50-FE1A405FF401}.Release|x64.Build.0 = Release|x64
		{B00F8D24-3570-4DDB-8E50-FE1A405FF401}.Release|x86.ActiveCfg = Release|Win32
		{B00F8D24-3570-4DDB-8E50-FE1A405FF401}.Release|x86.Build.0 = Release|Win32
		{9A098342-B2B8-4583-8648-2A2D356AC0C8}.Debug|x64.ActiveCfg = Debug|x64
		{9A098342-B2B8-4583-8648-2A2D356AC0C8}.Debug|x64.Build.0 = Debug|x64
		{9A098342-B2B8-4583-8648-2A2D356AC0C8}.Debug|x86.ActiveCfg = Debug|Win32
		{9A098342-B2B8-4583-8648-2A2D356AC0C8}.Debug|x86.Build.0 = Debug|Win32
		{9A098342-B2B8-4583-8648-2A2D356AC0C8}.Release|x64.ActiveCfg = Release|x64
		{9A098342-B2B8-4583-8648-2A2D356AC0C8}.Release|x64.Build.0 = Release|x64
		{9A098342-B2B8-4583-8648-2A2D356AC0C8}.Release|x86.ActiveCfg = Release|Win32
		{9A098342-B2B8-4583-8648-2A2D356AC0C8}.Release|x86.Build.0 = Release|Win32
	EndGlobalSection
	GlobalSection(SolutionProperties) = preSolution
		HideSolutionNode = FALSE
	EndGlobalSection
	GlobalSection(ExtensibilityGlobals) = postSolution
		SolutionGuid = {432DEE49-F65C-45F3-B08D-B82295309C13}
	EndGlobalSection
EndGlobal
